
Microsoft Visual Studio Solution File, Format Version 12.00
# Visual Studio Version 16
VisualStudioVersion = 16.0.30517.126
MinimumVisualStudioVersion = 10.0.40219.1
Project("{9A19103F-16F7-4668-BE54-9A1E7A4F7556}") = "CrismeyriP2-Apl", "CrismeyriP2-Apl.csproj", "{EB0A859E-4671-4C52-942D-A400EC7E3D51}"
EndProject
Global
	GlobalSection(SolutionConfigurationPlatforms) = preSolution
		Debug|Any CPU = Debug|Any CPU
		Release|Any CPU = Release|Any CPU
	EndGlobalSection
	GlobalSection(ProjectConfigurationPlatforms) = postSolution
		{EB0A859E-4671-4C52-942D-A400EC7E3D51}.Debug|Any CPU.ActiveCfg = Debug|Any CPU
		{EB0A859E-4671-4C52-942D-A400EC7E3D51}.Debug|Any CPU.Build.0 = Debug|Any CPU
		{EB0A859E-4671-4C52-942D-A400EC7E3D51}.Release|Any CPU.ActiveCfg = Release|Any CPU
		{EB0A859E-4671-4C52-942D-A400EC7E3D51}.Release|Any CPU.Build.0 = Release|Any CPU
	EndGlobalSection
	GlobalSection(SolutionProperties) = preSolution
		HideSolutionNode = FALSE
	EndGlobalSection
	GlobalSection(ExtensibilityGlobals) = postSolution
		SolutionGuid = {F52A52D4-22C7-4DF8-A870-1AA79484A8CB}
	EndGlobalSection
EndGlobal
